
Microsoft Visual Studio Solution File, Format Version 12.00
# Visual Studio 15
Project("{FAE04EC0-301F-11D3-BF4B-00C04F79EFBC}") = "CalculatorExample.Android", "CalculatorExample.Android\CalculatorExample.Android.csproj", "{A32D34D5-E745-4131-86E8-8FC659CD37B0}"
EndProject
Project("{FAE04EC0-301F-11D3-BF4B-00C04F79EFBC}") = "CalculatorExample.iOS", "CalculatorExample.iOS\CalculatorExample.iOS.csproj", "{8AC35C1D-B6BB-43D7-B9D4-5A2245C2589C}"
EndProject
Project("{FAE04EC0-301F-11D3-BF4B-00C04F79EFBC}") = "CalculatorExample", "CalculatorExample\CalculatorExample.csproj", "{511DAD0C-F9AA-4386-A558-A35DB4703D31}"
EndProject
Global
	GlobalSection(SolutionConfigurationPlatforms) = preSolution
		Debug|Any CPU = Debug|Any CPU
		Release|Any CPU = Release|Any CPU
		Debug|iPhoneSimulator = Debug|iPhoneSimulator
		Release|iPhoneSimulator = Release|iPhoneSimulator
		Debug|iPhone = Debug|iPhone
		Release|iPhone = Release|iPhone
		Ad-Hoc|iPhone = Ad-Hoc|iPhone
		AppStore|iPhone = AppStore|iPhone
	EndGlobalSection
	GlobalSection(ProjectConfigurationPlatforms) = postSolution
		{A32D34D5-E745-4131-86E8-8FC659CD37B0}.Debug|Any CPU.ActiveCfg = Debug|Any CPU
		{A32D34D5-E745-4131-86E8-8FC659CD37B0}.Debug|Any CPU.Build.0 = Debug|Any CPU
		{A32D34D5-E745-4131-86E8-8FC659CD37B0}.Release|Any CPU.ActiveCfg = Release|Any CPU
		{A32D34D5-E745-4131-86E8-8FC659CD37B0}.Release|Any CPU.Build.0 = Release|Any CPU
		{A32D34D5-E745-4131-86E8-8FC659CD37B0}.Debug|iPhoneSimulator.ActiveCfg = Debug|Any CPU
		{A32D34D5-E745-4131-86E8-8FC659CD37B0}.Debug|iPhoneSimulator.Build.0 = Debug|Any CPU
		{A32D34D5-E745-4131-86E8-8FC659CD37B0}.Release|iPhoneSimulator.ActiveCfg = Release|Any CPU
		{A32D34D5-E745-4131-86E8-8FC659CD37B0}.Release|iPhoneSimulator.Build.0 = Release|Any CPU
		{A32D34D5-E745-4131-86E8-8FC659CD37B0}.Debug|iPhone.ActiveCfg = Debug|Any CPU
		{A32D34D5-E745-4131-86E8-8FC659CD37B0}.Debug|iPhone.Build.0 = Debug|Any CPU
		{A32D34D5-E745-4131-86E8-8FC659CD37B0}.Release|iPhone.ActiveCfg = Release|Any CPU
		{A32D34D5-E745-4131-86E8-8FC659CD37B0}.Release|iPhone.Build.0 = Release|Any CPU
		{A32D34D5-E745-4131-86E8-8FC659CD37B0}.Ad-Hoc|iPhone.ActiveCfg = Debug|Any CPU
		{A32D34D5-E745-4131-86E8-8FC659CD37B0}.Ad-Hoc|iPhone.Build.0 = Debug|Any CPU
		{A32D34D5-E745-4131-86E8-8FC659CD37B0}.AppStore|iPhone.ActiveCfg = Debug|Any CPU
		{A32D34D5-E745-4131-86E8-8FC659CD37B0}.AppStore|iPhone.Build.0 = Debug|Any CPU
		{8AC35C1D-B6BB-43D7-B9D4-5A2245C2589C}.Debug|Any CPU.ActiveCfg = Debug|iPhoneSimulator
		{8AC35C1D-B6BB-43D7-B9D4-5A2245C2589C}.Debug|Any CPU.Build.0 = Debug|iPhoneSimulator
		{8AC35C1D-B6BB-43D7-B9D4-5A2245C2589C}.Release|Any CPU.ActiveCfg = Release|iPhoneSimulator
		{8AC35C1D-B6BB-43D7-B9D4-5A2245C2589C}.Release|Any CPU.Build.0 = Release|iPhoneSimulator
		{8AC35C1D-B6BB-43D7-B9D4-5A2245C2589C}.Debug|iPhoneSimulator.ActiveCfg = Debug|iPhoneSimulator
		{8AC35C1D-B6BB-43D7-B9D4-5A2245C2589C}.Debug|iPhoneSimulator.Build.0 = Debug|iPhoneSimulator
		{8AC35C1D-B6BB-43D7-B9D4-5A2245C2589C}.Release|iPhoneSimulator.ActiveCfg = Release|iPhoneSimulator
		{8AC35C1D-B6BB-43D7-B9D4-5A2245C2589C}.Release|iPhoneSimulator.Build.0 = Release|iPhoneSimulator
		{8AC35C1D-B6BB-43D7-B9D4-5A2245C2589C}.Debug|iPhone.ActiveCfg = Debug|iPhone
		{8AC35C1D-B6BB-43D7-B9D4-5A2245C2589C}.Debug|iPhone.Build.0 = Debug|iPhone
		{8AC35C1D-B6BB-43D7-B9D4-5A2245C2589C}.Release|iPhone.ActiveCfg = Release|iPhone
		{8AC35C1D-B6BB-43D7-B9D4-5A2245C2589C}.Release|iPhone.Build.0 = Release|iPhone
		{8AC35C1D-B6BB-43D7-B9D4-5A2245C2589C}.Ad-Hoc|iPhone.ActiveCfg = Ad-Hoc|iPhone
		{8AC35C1D-B6BB-43D7-B9D4-5A2245C2589C}.Ad-Hoc|iPhone.Build.0 = Ad-Hoc|iPhone
		{8AC35C1D-B6BB-43D7-B9D4-5A2245C2589C}.AppStore|iPhone.ActiveCfg = AppStore|iPhone
		{8AC35C1D-B6BB-43D7-B9D4-5A2245C2589C}.AppStore|iPhone.Build.0 = AppStore|iPhone
		{511DAD0C-F9AA-4386-A558-A35DB4703D31}.Debug|Any CPU.ActiveCfg = Debug|Any CPU
		{511DAD0C-F9AA-4386-A558-A35DB4703D31}.Debug|Any CPU.Build.0 = Debug|Any CPU
		{511DAD0C-F9AA-4386-A558-A35DB4703D31}.Release|Any CPU.ActiveCfg = Release|Any CPU
		{511DAD0C-F9AA-4386-A558-A35DB4703D31}.Release|Any CPU.Build.0 = Release|Any CPU
		{511DAD0C-F9AA-4386-A558-A35DB4703D31}.Debug|iPhoneSimulator.ActiveCfg = Debug|Any CPU
		{511DAD0C-F9AA-4386-A558-A35DB4703D31}.Debug|iPhoneSimulator.Build.0 = Debug|Any CPU
		{511DAD0C-F9AA-4386-A558-A35DB4703D31}.Release|iPhoneSimulator.ActiveCfg = Release|Any CPU
		{511DAD0C-F9AA-4386-A558-A35DB4703D31}.Release|iPhoneSimulator.Build.0 = Release|Any CPU
		{511DAD0C-F9AA-4386-A558-A35DB4703D31}.Debug|iPhone.ActiveCfg = Debug|Any CPU
		{511DAD0C-F9AA-4386-A558-A35DB4703D31}.Debug|iPhone.Build.0 = Debug|Any CPU
		{511DAD0C-F9AA-4386-A558-A35DB4703D31}.Release|iPhone.ActiveCfg = Release|Any CPU
		{511DAD0C-F9AA-4386-A558-A35DB4703D31}.Release|iPhone.Build.0 = Release|Any CPU
		{511DAD0C-F9AA-4386-A558-A35DB4703D31}.Ad-Hoc|iPhone.ActiveCfg = Debug|Any CPU
		{511DAD0C-F9AA-4386-A558-A35DB4703D31}.Ad-Hoc|iPhone.Build.0 = Debug|Any CPU
		{511DAD0C-F9AA-4386-A558-A35DB4703D31}.AppStore|iPhone.ActiveCfg = Debug|Any CPU
		{511DAD0C-F9AA-4386-A558-A35DB4703D31}.AppStore|iPhone.Build.0 = Debug|Any CPU
	EndGlobalSection
EndGlobal
